
Microsoft Visual Studio Solution File, Format Version 12.00
# Visual Studio Version 17
VisualStudioVersion = 17.4.33213.308
MinimumVisualStudioVersion = 10.0.40219.1
Project("{FAE04EC0-301F-11D3-BF4B-00C04F79EFBC}") = "JenkeinsTesting", "JenkeinsTesting\JenkeinsTesting.csproj", "{DF6C4247-03B8-4A5B-8B70-91663BA1AE61}"
EndProject
Global
	GlobalSection(SolutionConfigurationPlatforms) = preSolution
		Debug|Any CPU = Debug|Any CPU
		Release|Any CPU = Release|Any CPU
	EndGlobalSection
	GlobalSection(ProjectConfigurationPlatforms) = postSolution
		{DF6C4247-03B8-4A5B-8B70-91663BA1AE61}.Debug|Any CPU.ActiveCfg = Debug|Any CPU
		{DF6C4247-03B8-4A5B-8B70-91663BA1AE61}.Debug|Any CPU.Build.0 = Debug|Any CPU
		{DF6C4247-03B8-4A5B-8B70-91663BA1AE61}.Release|Any CPU.ActiveCfg = Release|Any CPU
		{DF6C4247-03B8-4A5B-8B70-91663BA1AE61}.Release|Any CPU.Build.0 = Release|Any CPU
	EndGlobalSection
	GlobalSection(SolutionProperties) = preSolution
		HideSolutionNode = FALSE
	EndGlobalSection
	GlobalSection(ExtensibilityGlobals) = postSolution
		SolutionGuid = {191D5B6C-81E9-4E17-B35E-4CB0CDF0D82C}
	EndGlobalSection
EndGlobal
